{
  "name": "category-theory",
  "version": "1.0.0",
  "lockfileVersion": 1,
  "requires": true,
  "dependencies": {
    "data.maybe": {
      "version": "1.2.3",
      "resolved": "https://nexus.ny.frb.org/nexus/content/groups/npm/data.maybe/-/data.maybe-1.2.3.tgz",
      "integrity": "sha512-iiw1TvVqHTOpnIwueo9jE3a2UFqblSHobzYTzvbvabNRnZq+D/tFi8J4olZ0viqbWkm7zKcPtu1/EzGhEyTH8A=="
    },
    "data.task": {
      "version": "3.1.2",
      "resolved": "https://nexus.ny.frb.org/nexus/content/groups/npm/data.task/-/data.task-3.1.2.tgz",
      "integrity": "sha512-gGDjno8m/FS1kdMU3EmKcLaO1enFyfCV/EscvDZ4+KZDSg9xHePa2VFfWd+QO5PUp18NdCIziOpaSUE4Efw8/w=="
    },
    "immutable-ext": {
      "version": "1.1.5",
      "resolved": "https://nexus.ny.frb.org/nexus/content/groups/npm/immutable-ext/-/immutable-ext-1.1.5.tgz",
      "integrity": "sha1-PN8noGdSfIWBe/FhoNrRNh7Vecs="
    }
  }
}
